lockfileVersion: '6.0'

settings:
  autoInstallPeers: true
  excludeLinksFromLockfile: false

dependencies:
  axios:
    specifier: ^0.19.2
    version: 0.19.2
  decompress:
    specifier: ^4.2.1
    version: 4.2.1
  ncp:
    specifier: ^2.0.0
    version: 2.0.0
  node-unzip-2:
    specifier: ^0.2.8
    version: 0.2.8
  ora:
    specifier: ^4.0.4
    version: 4.0.4
  rimraf:
    specifier: ^3.0.2
    version: 3.0.2

packages:

  /@types/color-name@1.1.1:
    resolution: {integrity: sha512-rr+OQyAjxze7GgWrSaJwydHStIhHq2lvY3BOC2Mj7KnzI7XK0Uw1TOOdI9lDoajEbSWLiYgoo4f1R51erQfhPQ==}
    dev: false

  /ansi-regex@5.0.1:
    resolution: {integrity: sha512-quJQXlTSUGL2LH9SUXo8VwsY4soanhgo6LNSm84E1LBcE8s3O0wpdiRzyR9z/ZZJMlMWv37qOOb9pdJlMUEKFQ==}
    engines: {node: '>=8'}
    dev: false

  /ansi-styles@3.2.1:
    resolution: {integrity: sha512-VT0ZI6kZRdTh8YyJw3SMbYm/u+NqfsAxEpWO0Pf9sq8/e94WxxOpPKx9FR1FlyCtOVDNOQ+8ntlqFxiRc+r5qA==}
    engines: {node: '>=4'}
    dependencies:
      color-convert: 1.9.3
    dev: false

  /ansi-styles@4.2.1:
    resolution: {integrity: sha512-9VGjrMsG1vePxcSweQsN20KY/c4zN0h9fLjqAbwbPfahM3t+NL+M9HC8xeXG2I8pX5NoamTGNuomEUFI7fcUjA==}
    engines: {node: '>=8'}
    dependencies:
      '@types/color-name': 1.1.1
      color-convert: 2.0.1
    dev: false

  /axios@0.19.2:
    resolution: {integrity: sha512-fjgm5MvRHLhx+osE2xoekY70AhARk3a6hkN+3Io1jc00jtquGvxYlKlsFUhmUET0V5te6CcZI7lcv2Ym61mjHA==}
    dependencies:
      follow-redirects: 1.5.10
    transitivePeerDependencies:
      - supports-color
    dev: false

  /balanced-match@1.0.0:
    resolution: {integrity: sha1-ibTRmasr7kneFk6gK4nORi1xt2c=}
    dev: false

  /base64-js@1.3.1:
    resolution: {integrity: sha512-mLQ4i2QO1ytvGWFWmcngKO//JXAQueZvwEKtjgQFM4jIK0kU+ytMfplL8j+n5mspOfjHwoAg+9yhb7BwAHm36g==}
    dev: false

  /binary@0.3.0:
    resolution: {integrity: sha1-n2BVO8XOjDOG87VTz/R0Yq3sqnk=}
    dependencies:
      buffers: 0.1.1
      chainsaw: 0.1.0
    dev: false

  /bl@1.2.2:
    resolution: {integrity: sha512-e8tQYnZodmebYDWGH7KMRvtzKXaJHx3BbilrgZCfvyLUYdKpK1t5PSPmpkny/SgiTSCnjfLW7v5rlONXVFkQEA==}
    dependencies:
      readable-stream: 2.3.7
      safe-buffer: 5.2.1
    dev: false

  /brace-expansion@1.1.11:
    resolution: {integrity: sha512-iCuPHDFgrHX7H2vEI/5xpz07zSHB00TpugqhmYtVmMO6518mCuRMoOYFldEBl0g187ufozdaHgWKcYFb61qGiA==}
    dependencies:
      balanced-match: 1.0.0
      concat-map: 0.0.1
    dev: false

  /buffer-alloc-unsafe@1.1.0:
    resolution: {integrity: sha512-TEM2iMIEQdJ2yjPJoSIsldnleVaAk1oW3DBVUykyOLsEsFmEc9kn+SFFPz+gl54KQNxlDnAwCXosOS9Okx2xAg==}
    dev: false

  /buffer-alloc@1.2.0:
    resolution: {integrity: sha512-CFsHQgjtW1UChdXgbyJGtnm+O/uLQeZdtbDo8mfUgYXCHSM1wgrVxXm6bSyrUuErEb+4sYVGCzASBRot7zyrow==}
    dependencies:
      buffer-alloc-unsafe: 1.1.0
      buffer-fill: 1.0.0
    dev: false

  /buffer-crc32@0.2.13:
    resolution: {integrity: sha1-DTM+PwDqxQqhRUq9MO+MKl2ackI=}
    dev: false

  /buffer-fill@1.0.0:
    resolution: {integrity: sha1-+PeLdniYiO858gXNY39o5wISKyw=}
    dev: false

  /buffer@5.6.0:
    resolution: {integrity: sha512-/gDYp/UtU0eA1ys8bOs9J6a+E/KWIY+DZ+Q2WESNUA0jFRsJOc0SNUO6xJ5SGA1xueg3NL65W6s+NY5l9cunuw==}
    dependencies:
      base64-js: 1.3.1
      ieee754: 1.1.13
    dev: false

  /buffers@0.1.1:
    resolution: {integrity: sha1-skV5w77U1tOWru5tmorn9Ugqt7s=}
    engines: {node: '>=0.2.0'}
    dev: false

  /chainsaw@0.1.0:
    resolution: {integrity: sha1-XqtQsor+WAdNDVgpE4iCi15fvJg=}
    dependencies:
      traverse: 0.3.9
    dev: false

  /chalk@2.4.2:
    resolution: {integrity: sha512-Mti+f9lpJNcwF4tWV8/OrTTtF1gZi+f8FqlyAdouralcFWFQWF2+NgCHShjkCb+IFBLq9buZwE1xckQU4peSuQ==}
    engines: {node: '>=4'}
    dependencies:
      ansi-styles: 3.2.1
      escape-string-regexp: 1.0.5
      supports-color: 5.5.0
    dev: false

  /chalk@3.0.0:
    resolution: {integrity: sha512-4D3B6Wf41KOYRFdszmDqMCGq5VV/uMAB273JILmO+3jAlh8X4qDtdtgCR3fxtbLEMzSx22QdhnDcJvu2u1fVwg==}
    engines: {node: '>=8'}
    dependencies:
      ansi-styles: 4.2.1
      supports-color: 7.1.0
    dev: false

  /cli-cursor@3.1.0:
    resolution: {integrity: sha512-I/zHAwsKf9FqGoXM4WWRACob9+SNukZTd94DWF57E4toouRulbCxcUh6RKUEOQlYTHJnzkPMySvPNaaSLNfLZw==}
    engines: {node: '>=8'}
    dependencies:
      restore-cursor: 3.1.0
    dev: false

  /cli-spinners@2.3.0:
    resolution: {integrity: sha512-Xs2Hf2nzrvJMFKimOR7YR0QwZ8fc0u98kdtwN1eNAZzNQgH3vK2pXzff6GJtKh7S5hoJ87ECiAiZFS2fb5Ii2w==}
    engines: {node: '>=6'}
    dev: false

  /clone@1.0.4:
    resolution: {integrity: sha1-2jCcwmPfFZlMaIypAheco8fNfH4=}
    engines: {node: '>=0.8'}
    dev: false

  /color-convert@1.9.3:
    resolution: {integrity: sha512-QfAUtd+vFdAtFQcC8CCyYt1fYWxSqAiK2cSD6zDB8N3cpsEBAvRxp9zOGg6G/SHHJYAT88/az/IuDGALsNVbGg==}
    dependencies:
      color-name: 1.1.3
    dev: false

  /color-convert@2.0.1:
    resolution: {integrity: sha512-RRECPsj7iu/xb5oKYcsFHSppFNnsj/52OVTRKb4zP5onXwVF3zVmmToNcOfGC+CRDpfK/U584fMg38ZHCaElKQ==}
    engines: {node: '>=7.0.0'}
    dependencies:
      color-name: 1.1.4
    dev: false

  /color-name@1.1.3:
    resolution: {integrity: sha1-p9BVi9icQveV3UIyj3QIMcpTvCU=}
    dev: false

  /color-name@1.1.4:
    resolution: {integrity: sha512-dOy+3AuW3a2wNbZHIuMZpTcgjGuLU/uBL/ubcZF9OXbDo8ff4O8yVp5Bf0efS8uEoYo5q4Fx7dY9OgQGXgAsQA==}
    dev: false

  /commander@2.8.1:
    resolution: {integrity: sha1-Br42f+v9oMMwqh4qBy09yXYkJdQ=}
    engines: {node: '>= 0.6.x'}
    dependencies:
      graceful-readlink: 1.0.1
    dev: false

  /concat-map@0.0.1:
    resolution: {integrity: sha1-2Klr13/Wjfd5OnMDajug1UBdR3s=}
    dev: false

  /core-util-is@1.0.2:
    resolution: {integrity: sha1-tf1UIgqivFq1eqtxQMlAdUUDwac=}
    dev: false

  /debug@3.1.0:
    resolution: {integrity: sha512-OX8XqP7/1a9cqkxYw2yXss15f26NKWBpDXQd0/uK/KPqdQhxbPa994hnzjcE2VqQpDslf55723cKPUOGSmMY3g==}
    peerDependencies:
      supports-color: '*'
    peerDependenciesMeta:
      supports-color:
        optional: true
    dependencies:
      ms: 2.0.0
    dev: false

  /decompress-tar@4.1.1:
    resolution: {integrity: sha512-JdJMaCrGpB5fESVyxwpCx4Jdj2AagLmv3y58Qy4GE6HMVjWz1FeVQk1Ct4Kye7PftcdOo/7U7UKzYBJgqnGeUQ==}
    engines: {node: '>=4'}
    dependencies:
      file-type: 5.2.0
      is-stream: 1.1.0
      tar-stream: 1.6.2
    dev: false

  /decompress-tarbz2@4.1.1:
    resolution: {integrity: sha512-s88xLzf1r81ICXLAVQVzaN6ZmX4A6U4z2nMbOwobxkLoIIfjVMBg7TeguTUXkKeXni795B6y5rnvDw7rxhAq9A==}
    engines: {node: '>=4'}
    dependencies:
      decompress-tar: 4.1.1
      file-type: 6.2.0
      is-stream: 1.1.0
      seek-bzip: 1.0.5
      unbzip2-stream: 1.4.3
    dev: false

  /decompress-targz@4.1.1:
    resolution: {integrity: sha512-4z81Znfr6chWnRDNfFNqLwPvm4db3WuZkqV+UgXQzSngG3CEKdBkw5jrv3axjjL96glyiiKjsxJG3X6WBZwX3w==}
    engines: {node: '>=4'}
    dependencies:
      decompress-tar: 4.1.1
      file-type: 5.2.0
      is-stream: 1.1.0
    dev: false

  /decompress-unzip@4.0.1:
    resolution: {integrity: sha1-3qrM39FK6vhVePczroIQ+bSEj2k=}
    engines: {node: '>=4'}
    dependencies:
      file-type: 3.9.0
      get-stream: 2.3.1
      pify: 2.3.0
      yauzl: 2.10.0
    dev: false

  /decompress@4.2.1:
    resolution: {integrity: sha512-e48kc2IjU+2Zw8cTb6VZcJQ3lgVbS4uuB1TfCHbiZIP/haNXm+SVyhu+87jts5/3ROpd82GSVCoNs/z8l4ZOaQ==}
    engines: {node: '>=4'}
    dependencies:
      decompress-tar: 4.1.1
      decompress-tarbz2: 4.1.1
      decompress-targz: 4.1.1
      decompress-unzip: 4.0.1
      graceful-fs: 4.2.4
      make-dir: 1.3.0
      pify: 2.3.0
      strip-dirs: 2.1.0
    dev: false

  /defaults@1.0.3:
    resolution: {integrity: sha1-xlYFHpgX2f8I7YgUd/P+QBnz730=}
    dependencies:
      clone: 1.0.4
    dev: false

  /end-of-stream@1.4.4:
    resolution: {integrity: sha512-+uw1inIHVPQoaVuHzRyXd21icM+cnt4CzD5rW+NC1wjOUSTOs+Te7FOv7AhN7vS9x/oIyhLP5PR1H+phQAHu5Q==}
    dependencies:
      once: 1.4.0
    dev: false

  /escape-string-regexp@1.0.5:
    resolution: {integrity: sha1-G2HAViGQqN/2rjuyzwIAyhMLhtQ=}
    engines: {node: '>=0.8.0'}
    dev: false

  /fd-slicer@1.1.0:
    resolution: {integrity: sha1-JcfInLH5B3+IkbvmHY85Dq4lbx4=}
    dependencies:
      pend: 1.2.0
    dev: false

  /file-type@3.9.0:
    resolution: {integrity: sha1-JXoHg4TR24CHvESdEH1SpSZyuek=}
    engines: {node: '>=0.10.0'}
    dev: false

  /file-type@5.2.0:
    resolution: {integrity: sha1-LdvqfHP/42No365J3DOMBYwritY=}
    engines: {node: '>=4'}
    dev: false

  /file-type@6.2.0:
    resolution: {integrity: sha512-YPcTBDV+2Tm0VqjybVd32MHdlEGAtuxS3VAYsumFokDSMG+ROT5wawGlnHDoz7bfMcMDt9hxuXvXwoKUx2fkOg==}
    engines: {node: '>=4'}
    dev: false

  /follow-redirects@1.5.10:
    resolution: {integrity: sha512-0V5l4Cizzvqt5D44aTXbFZz+FtyXV1vrDN6qrelxtfYQKW0KO0W2T/hkE8xvGa/540LkZlkaUjO4ailYTFtHVQ==}
    engines: {node: '>=4.0'}
    dependencies:
      debug: 3.1.0
    transitivePeerDependencies:
      - supports-color
    dev: false

  /fs-constants@1.0.0:
    resolution: {integrity: sha512-y6OAwoSIf7FyjMIv94u+b5rdheZEjzR63GTyZJm5qh4Bi+2YgwLCcI/fPFZkL5PSixOt6ZNKm+w+Hfp/Bciwow==}
    dev: false

  /fs.realpath@1.0.0:
    resolution: {integrity: sha1-FQStJSMVjKpA20onh8sBQRmU6k8=}
    dev: false

  /fstream@1.0.12:
    resolution: {integrity: sha512-WvJ193OHa0GHPEL+AycEJgxvBEwyfRkN1vhjca23OaPVMCaLCXTd5qAu82AjTcgP1UJmytkOKb63Ypde7raDIg==}
    engines: {node: '>=0.6'}
    dependencies:
      graceful-fs: 4.2.4
      inherits: 2.0.4
      mkdirp: 0.5.5
      rimraf: 2.7.1
    dev: false

  /get-stream@2.3.1:
    resolution: {integrity: sha1-Xzj5PzRgCWZu4BUKBUFn+Rvdld4=}
    engines: {node: '>=0.10.0'}
    dependencies:
      object-assign: 4.1.1
      pinkie-promise: 2.0.1
    dev: false

  /glob@7.1.6:
    resolution: {integrity: sha512-LwaxwyZ72Lk7vZINtNNrywX0ZuLyStrdDtabefZKAY5ZGJhVtgdznluResxNmPitE0SAO+O26sWTHeKSI2wMBA==}
    dependencies:
      fs.realpath: 1.0.0
      inflight: 1.0.6
      inherits: 2.0.4
      minimatch: 3.0.4
      once: 1.4.0
      path-is-absolute: 1.0.1
    dev: false

  /graceful-fs@4.2.4:
    resolution: {integrity: sha512-WjKPNJF79dtJAVniUlGGWHYGz2jWxT6VhN/4m1NdkbZ2nOsEF+cI1Edgql5zCRhs/VsQYRvrXctxktVXZUkixw==}
    dev: false

  /graceful-readlink@1.0.1:
    resolution: {integrity: sha1-TK+tdrxi8C+gObL5Tpo906ORpyU=}
    dev: false

  /has-flag@3.0.0:
    resolution: {integrity: sha1-tdRU3CGZriJWmfNGfloH87lVuv0=}
    engines: {node: '>=4'}
    dev: false

  /has-flag@4.0.0:
    resolution: {integrity: sha512-EykJT/Q1KjTWctppgIAgfSO0tKVuZUjhgMr17kqTumMl6Afv3EISleU7qZUzoXDFTAHTDC4NOoG/ZxU3EvlMPQ==}
    engines: {node: '>=8'}
    dev: false

  /ieee754@1.1.13:
    resolution: {integrity: sha512-4vf7I2LYV/HaWerSo3XmlMkp5eZ83i+/CDluXi/IGTs/O1sejBNhTtnxzmRZfvOUqj7lZjqHkeTvpgSFDlWZTg==}
    dev: false

  /inflight@1.0.6:
    resolution: {integrity: sha1-Sb1jMdfQLQwJvJEKEHW6gWW1bfk=}
    dependencies:
      once: 1.4.0
      wrappy: 1.0.2
    dev: false

  /inherits@2.0.4:
    resolution: {integrity: sha512-k/vGaX4/Yla3WzyMCvTQOXYeIHvqOKtnqBduzTHpzpQZzAskKMhZ2K+EnBiSM9zGSoIFeMpXKxa4dYeZIQqewQ==}
    dev: false

  /is-interactive@1.0.0:
    resolution: {integrity: sha512-2HvIEKRoqS62guEC+qBjpvRubdX910WCMuJTZ+I9yvqKU2/12eSL549HMwtabb4oupdj2sMP50k+XJfB/8JE6w==}
    engines: {node: '>=8'}
    dev: false

  /is-natural-number@4.0.1:
    resolution: {integrity: sha1-q5124dtM7VHjXeDHLr7PCfc0zeg=}
    dev: false

  /is-stream@1.1.0:
    resolution: {integrity: sha1-EtSj3U5o4Lec6428hBc66A2RykQ=}
    engines: {node: '>=0.10.0'}
    dev: false

  /isarray@0.0.1:
    resolution: {integrity: sha1-ihis/Kmo9Bd+Cav8YDiTmwXR7t8=}
    dev: false

  /isarray@1.0.0:
    resolution: {integrity: sha1-u5NdSFgsuhaMBoNJV6VKPgcSTxE=}
    dev: false

  /log-symbols@3.0.0:
    resolution: {integrity: sha512-dSkNGuI7iG3mfvDzUuYZyvk5dD9ocYCYzNU6CYDE6+Xqd+gwme6Z00NS3dUh8mq/73HaEtT7m6W+yUPtU6BZnQ==}
    engines: {node: '>=8'}
    dependencies:
      chalk: 2.4.2
    dev: false

  /make-dir@1.3.0:
    resolution: {integrity: sha512-2w31R7SJtieJJnQtGc7RVL2StM2vGYVfqUOvUDxH6bC6aJTxPxTF0GnIgCyu7tjockiUWAYQRbxa7vKn34s5sQ==}
    engines: {node: '>=4'}
    dependencies:
      pify: 3.0.0
    dev: false

  /match-stream@0.0.2:
    resolution: {integrity: sha1-mesFAJOzTf+t5CG5rAtBCpz6F88=}
    dependencies:
      buffers: 0.1.1
      readable-stream: 1.0.34
    dev: false

  /mimic-fn@2.1.0:
    resolution: {integrity: sha512-OqbOk5oEQeAZ8WXWydlu9HJjz9WVdEIvamMCcXmuqUYjTknH/sqsWvhQ3vgwKFRR1HpjvNBKQ37nbJgYzGqGcg==}
    engines: {node: '>=6'}
    dev: false

  /minimatch@3.0.4:
    resolution: {integrity: sha512-yJHVQEhyqPLUTgt9B83PXu6W3rx4MvvHvSUvToogpwoGDOUQ+yDrR0HRot+yOCdCO7u4hX3pWft6kWBBcqh0UA==}
    dependencies:
      brace-expansion: 1.1.11
    dev: false

  /minimist@1.2.5:
    resolution: {integrity: sha512-FM9nNUYrRBAELZQT3xeZQ7fmMOBg6nWNmJKTcgsJeaLstP/UODVpGsr5OhXhhXg6f+qtJ8uiZ+PUxkDWcgIXLw==}
    dev: false

  /mkdirp@0.5.5:
    resolution: {integrity: sha512-NKmAlESf6jMGym1++R0Ra7wvhV+wFW63FaSOFPwRahvea0gMUcGUhVeAg/0BC0wiv9ih5NYPB1Wn1UEI1/L+xQ==}
    hasBin: true
    dependencies:
      minimist: 1.2.5
    dev: false

  /ms@2.0.0:
    resolution: {integrity: sha1-VgiurfwAvmwpAd9fmGF4jeDVl8g=}
    dev: false

  /mute-stream@0.0.8:
    resolution: {integrity: sha512-nnbWWOkoWyUsTjKrhgD0dcz22mdkSnpYqbEjIm2nhwhuxlSkpywJmBo8h0ZqJdkp73mb90SssHkN4rsRaBAfAA==}
    dev: false

  /ncp@2.0.0:
    resolution: {integrity: sha1-GVoh1sRuNh0vsSgbo4uR6d9727M=}
    hasBin: true
    dev: false

  /node-unzip-2@0.2.8:
    resolution: {integrity: sha512-fmJi73zTRW7RSo/1wyrKc2srKMwb3L6Ppke/7elzQ0QRt6sUjfiIcVsWdrqO5uEHAdvRKXjoySuo4HYe5BB0rw==}
    dependencies:
      binary: 0.3.0
      fstream: 1.0.12
      match-stream: 0.0.2
      pullstream: 0.4.1
      readable-stream: 1.0.34
      setimmediate: 1.0.5
    dev: false

  /object-assign@4.1.1:
    resolution: {integrity: sha1-IQmtx5ZYh8/AXLvUQsrIv7s2CGM=}
    engines: {node: '>=0.10.0'}
    dev: false

  /once@1.4.0:
    resolution: {integrity: sha1-WDsap3WWHUsROsF9nFC6753Xa9E=}
    dependencies:
      wrappy: 1.0.2
    dev: false

  /onetime@5.1.0:
    resolution: {integrity: sha512-5NcSkPHhwTVFIQN+TUqXoS5+dlElHXdpAWu9I0HP20YOtIi+aZ0Ct82jdlILDxjLEAWwvm+qj1m6aEtsDVmm6Q==}
    engines: {node: '>=6'}
    dependencies:
      mimic-fn: 2.1.0
    dev: false

  /ora@4.0.4:
    resolution: {integrity: sha512-77iGeVU1cIdRhgFzCK8aw1fbtT1B/iZAvWjS+l/o1x0RShMgxHUZaD2yDpWsNCPwXg9z1ZA78Kbdvr8kBmG/Ww==}
    engines: {node: '>=8'}
    dependencies:
      chalk: 3.0.0
      cli-cursor: 3.1.0
      cli-spinners: 2.3.0
      is-interactive: 1.0.0
      log-symbols: 3.0.0
      mute-stream: 0.0.8
      strip-ansi: 6.0.0
      wcwidth: 1.0.1
    dev: false

  /over@0.0.5:
    resolution: {integrity: sha1-8phS5w/X4l82DgE6jsRMgq7bVwg=}
    dev: false

  /path-is-absolute@1.0.1:
    resolution: {integrity: sha1-F0uSaHNVNP+8es5r9TpanhtcX18=}
    engines: {node: '>=0.10.0'}
    dev: false

  /pend@1.2.0:
    resolution: {integrity: sha1-elfrVQpng/kRUzH89GY9XI4AelA=}
    dev: false

  /pify@2.3.0:
    resolution: {integrity: sha1-7RQaasBDqEnqWISY59yosVMw6Qw=}
    engines: {node: '>=0.10.0'}
    dev: false

  /pify@3.0.0:
    resolution: {integrity: sha1-5aSs0sEB/fPZpNB/DbxNtJ3SgXY=}
    engines: {node: '>=4'}
    dev: false

  /pinkie-promise@2.0.1:
    resolution: {integrity: sha1-ITXW36ejWMBprJsXh3YogihFD/o=}
    engines: {node: '>=0.10.0'}
    dependencies:
      pinkie: 2.0.4
    dev: false

  /pinkie@2.0.4:
    resolution: {integrity: sha1-clVrgM+g1IqXToDnckjoDtT3+HA=}
    engines: {node: '>=0.10.0'}
    dev: false

  /process-nextick-args@2.0.1:
    resolution: {integrity: sha512-3ouUOpQhtgrbOa17J7+uxOTpITYWaGP7/AhoR3+A+/1e9skrzelGi/dXzEYyvbxubEF6Wn2ypscTKiKJFFn1ag==}
    dev: false

  /pullstream@0.4.1:
    resolution: {integrity: sha1-1vs79a7Wl+gxFQ6xACwlo/iuExQ=}
    dependencies:
      over: 0.0.5
      readable-stream: 1.0.34
      setimmediate: 1.0.5
      slice-stream: 1.0.0
    dev: false

  /readable-stream@1.0.34:
    resolution: {integrity: sha1-Elgg40vIQtLyqq+v5MKRbuMsFXw=}
    dependencies:
      core-util-is: 1.0.2
      inherits: 2.0.4
      isarray: 0.0.1
      string_decoder: 0.10.31
    dev: false

  /readable-stream@2.3.7:
    resolution: {integrity: sha512-Ebho8K4jIbHAxnuxi7o42OrZgF/ZTNcsZj6nRKyUmkhLFq8CHItp/fy6hQZuZmP/n3yZ9VBUbp4zz/mX8hmYPw==}
    dependencies:
      core-util-is: 1.0.2
      inherits: 2.0.4
      isarray: 1.0.0
      process-nextick-args: 2.0.1
      safe-buffer: 5.1.2
      string_decoder: 1.1.1
      util-deprecate: 1.0.2
    dev: false

  /restore-cursor@3.1.0:
    resolution: {integrity: sha512-l+sSefzHpj5qimhFSE5a8nufZYAM3sBSVMAPtYkmC+4EH2anSGaEMXSD0izRQbu9nfyQ9y5JrVmp7E8oZrUjvA==}
    engines: {node: '>=8'}
    dependencies:
      onetime: 5.1.0
      signal-exit: 3.0.3
    dev: false

  /rimraf@2.7.1:
    resolution: {integrity: sha512-uWjbaKIK3T1OSVptzX7Nl6PvQ3qAGtKEtVRjRuazjfL3Bx5eI409VZSqgND+4UNnmzLVdPj9FqFJNPqBZFve4w==}
    hasBin: true
    dependencies:
      glob: 7.1.6
    dev: false

  /rimraf@3.0.2:
    resolution: {integrity: sha512-JZkJMZkAGFFPP2YqXZXPbMlMBgsxzE8ILs4lMIX/2o0L9UBw9O/Y3o6wFw/i9YLapcUJWwqbi3kdxIPdC62TIA==}
    hasBin: true
    dependencies:
      glob: 7.1.6
    dev: false

  /safe-buffer@5.1.2:
    resolution: {integrity: sha512-Gd2UZBJDkXlY7GbJxfsE8/nvKkUEU1G38c1siN6QP6a9PT9MmHB8GnpscSmMJSoF8LOIrt8ud/wPtojys4G6+g==}
    dev: false

  /safe-buffer@5.2.1:
    resolution: {integrity: sha512-rp3So07KcdmmKbGvgaNxQSJr7bGVSVk5S9Eq1F+ppbRo70+YeaDxkw5Dd8NPN+GD6bjnYm2VuPuCXmpuYvmCXQ==}
    dev: false

  /seek-bzip@1.0.5:
    resolution: {integrity: sha1-z+kXyz0nS8/6x5J1ivUxc+sfq9w=}
    hasBin: true
    dependencies:
      commander: 2.8.1
    dev: false

  /setimmediate@1.0.5:
    resolution: {integrity: sha1-KQy7Iy4waULX1+qbg3Mqt4VvgoU=}
    dev: false

  /signal-exit@3.0.3:
    resolution: {integrity: sha512-VUJ49FC8U1OxwZLxIbTTrDvLnf/6TDgxZcK8wxR8zs13xpx7xbG60ndBlhNrFi2EMuFRoeDoJO7wthSLq42EjA==}
    dev: false

  /slice-stream@1.0.0:
    resolution: {integrity: sha1-WzO9ZvATsaf4ZGCwPUY97DmtPqA=}
    dependencies:
      readable-stream: 1.0.34
    dev: false

  /string_decoder@0.10.31:
    resolution: {integrity: sha1-YuIDvEF2bGwoyfyEMB2rHFMQ+pQ=}
    dev: false

  /string_decoder@1.1.1:
    resolution: {integrity: sha512-n/ShnvDi6FHbbVfviro+WojiFzv+s8MPMHBczVePfUpDJLwoLT0ht1l4YwBCbi8pJAveEEdnkHyPyTP/mzRfwg==}
    dependencies:
      safe-buffer: 5.1.2
    dev: false

  /strip-ansi@6.0.0:
    resolution: {integrity: sha512-AuvKTrTfQNYNIctbR1K/YGTR1756GycPsg7b9bdV9Duqur4gv6aKqHXah67Z8ImS7WEz5QVcOtlfW2rZEugt6w==}
    engines: {node: '>=8'}
    dependencies:
      ansi-regex: 5.0.1
    dev: false

  /strip-dirs@2.1.0:
    resolution: {integrity: sha512-JOCxOeKLm2CAS73y/U4ZeZPTkE+gNVCzKt7Eox84Iej1LT/2pTWYpZKJuxwQpvX1LiZb1xokNR7RLfuBAa7T3g==}
    dependencies:
      is-natural-number: 4.0.1
    dev: false

  /supports-color@5.5.0:
    resolution: {integrity: sha512-QjVjwdXIt408MIiAqCX4oUKsgU2EqAGzs2Ppkm4aQYbjm+ZEWEcW4SfFNTr4uMNZma0ey4f5lgLrkB0aX0QMow==}
    engines: {node: '>=4'}
    dependencies:
      has-flag: 3.0.0
    dev: false

  /supports-color@7.1.0:
    resolution: {integrity: sha512-oRSIpR8pxT1Wr2FquTNnGet79b3BWljqOuoW/h4oBhxJ/HUbX5nX6JSruTkvXDCFMwDPvsaTTbvMLKZWSy0R5g==}
    engines: {node: '>=8'}
    dependencies:
      has-flag: 4.0.0
    dev: false

  /tar-stream@1.6.2:
    resolution: {integrity: sha512-rzS0heiNf8Xn7/mpdSVVSMAWAoy9bfb1WOTYC78Z0UQKeKa/CWS8FOq0lKGNa8DWKAn9gxjCvMLYc5PGXYlK2A==}
    engines: {node: '>= 0.8.0'}
    dependencies:
      bl: 1.2.2
      buffer-alloc: 1.2.0
      end-of-stream: 1.4.4
      fs-constants: 1.0.0
      readable-stream: 2.3.7
      to-buffer: 1.1.1
      xtend: 4.0.2
    dev: false

  /through@2.3.8:
    resolution: {integrity: sha1-DdTJ/6q8NXlgsbckEV1+Doai4fU=}
    dev: false

  /to-buffer@1.1.1:
    resolution: {integrity: sha512-lx9B5iv7msuFYE3dytT+KE5tap+rNYw+K4jVkb9R/asAb+pbBSM17jtunHplhBe6RRJdZx3Pn2Jph24O32mOVg==}
    dev: false

  /traverse@0.3.9:
    resolution: {integrity: sha1-cXuPIgzAu3tE5AUUwisui7xw2Lk=}
    dev: false

  /unbzip2-stream@1.4.3:
    resolution: {integrity: sha512-mlExGW4w71ebDJviH16lQLtZS32VKqsSfk80GCfUlwT/4/hNRFsoscrF/c++9xinkMzECL1uL9DDwXqFWkruPg==}
    dependencies:
      buffer: 5.6.0
      through: 2.3.8
    dev: false

  /util-deprecate@1.0.2:
    resolution: {integrity: sha1-RQ1Nyfpw3nMnYvvS1KKJgUGaDM8=}
    dev: false

  /wcwidth@1.0.1:
    resolution: {integrity: sha1-8LDc+RW8X/FSivrbLA4XtTLaL+g=}
    dependencies:
      defaults: 1.0.3
    dev: false

  /wrappy@1.0.2:
    resolution: {integrity: sha1-tSQ9jz7BqjXxNkYFvA0QNuMKtp8=}
    dev: false

  /xtend@4.0.2:
    resolution: {integrity: sha512-LKYU1iAXJXUgAXn9URjiu+MWhyUXHsvfp7mcuYm9dSUKK0/CjtrUwFAxD82/mCWbtLsGjFIad0wIsod4zrTAEQ==}
    engines: {node: '>=0.4'}
    dev: false

  /yauzl@2.10.0:
    resolution: {integrity: sha1-x+sXyT4RLLEIb6bY5R+wZnt5pfk=}
    dependencies:
      buffer-crc32: 0.2.13
      fd-slicer: 1.1.0
    dev: false
